
Microsoft Visual Studio Solution File, Format Version 12.00
# Visual Studio Version 17
VisualStudioVersion = 17.1.32210.238
MinimumVisualStudioVersion = 10.0.40219.1
Project("{FAE04EC0-301F-11D3-BF4B-00C04F79EFBC}") = "WorkingDataTable", "WorkingDataTable.csproj", "{67A68A34-3EBB-40B4-B09C-01DDE9D492A2}"
EndProject
Global
	GlobalSection(SolutionConfigurationPlatforms) = preSolution
		Debug|Any CPU = Debug|Any CPU
		Release|Any CPU = Release|Any CPU
	EndGlobalSection
	GlobalSection(ProjectConfigurationPlatforms) = postSolution
		{67A68A34-3EBB-40B4-B09C-01DDE9D492A2}.Debug|Any CPU.ActiveCfg = Debug|Any CPU
		{67A68A34-3EBB-40B4-B09C-01DDE9D492A2}.Debug|Any CPU.Build.0 = Debug|Any CPU
		{67A68A34-3EBB-40B4-B09C-01DDE9D492A2}.Release|Any CPU.ActiveCfg = Release|Any CPU
		{67A68A34-3EBB-40B4-B09C-01DDE9D492A2}.Release|Any CPU.Build.0 = Release|Any CPU
	EndGlobalSection
	GlobalSection(SolutionProperties) = preSolution
		HideSolutionNode = FALSE
	EndGlobalSection
	GlobalSection(ExtensibilityGlobals) = postSolution
		SolutionGuid = {B88C8D7A-9DC9-4C45-A621-8E1A292137BC}
	EndGlobalSection
EndGlobal
