
Microsoft Visual Studio Solution File, Format Version 12.00
# Visual Studio Version 17
VisualStudioVersion = 17.1.32210.238
MinimumVisualStudioVersion = 10.0.40219.1
Project("{FAE04EC0-301F-11D3-BF4B-00C04F79EFBC}") = "DataAdapterWizard", "DataAdapterWizard.csproj", "{CA838B66-5E09-4828-BAB9-B9ED5D7B79EE}"
EndProject
Global
	GlobalSection(SolutionConfigurationPlatforms) = preSolution
		Debug|Any CPU = Debug|Any CPU
		Release|Any CPU = Release|Any CPU
	EndGlobalSection
	GlobalSection(ProjectConfigurationPlatforms) = postSolution
		{CA838B66-5E09-4828-BAB9-B9ED5D7B79EE}.Debug|Any CPU.ActiveCfg = Debug|Any CPU
		{CA838B66-5E09-4828-BAB9-B9ED5D7B79EE}.Debug|Any CPU.Build.0 = Debug|Any CPU
		{CA838B66-5E09-4828-BAB9-B9ED5D7B79EE}.Release|Any CPU.ActiveCfg = Release|Any CPU
		{CA838B66-5E09-4828-BAB9-B9ED5D7B79EE}.Release|Any CPU.Build.0 = Release|Any CPU
	EndGlobalSection
	GlobalSection(SolutionProperties) = preSolution
		HideSolutionNode = FALSE
	EndGlobalSection
	GlobalSection(ExtensibilityGlobals) = postSolution
		SolutionGuid = {BD3CFDD1-1AB4-4B10-9FA6-B87F1C418405}
	EndGlobalSection
EndGlobal
